// !$*UTF8*$!
{
	archiveVersion = 1;
	classes = {
	};
	objectVersion = 46;
	objects = {

/* Begin PBXBuildFile section */
		A4214BC31CD2228300CE8C35 /* GDSFramework.h in CopyFiles */ = {isa = PBXBuildFile; fileRef = A4214BC21CD2228300CE8C35 /* GDSFramework.h */; };
		A4214BC51CD2228300CE8C35 /* GDSFramework.m in Sources */ = {isa = PBXBuildFile; fileRef = A4214BC41CD2228300CE8C35 /* GDSFramework.m */; };
/* End PBXBuildFile section */

/* Begin PBXCopyFilesBuildPhase section */
		A4214BBD1CD2228300CE8C35 /* CopyFiles */ = {
			isa = PBXCopyFilesBuildPhase;
			buildActionMask = 2147483647;
			dstPath = "include/$(PRODUCT_NAME)";
			dstSubfolderSpec = 16;
			files = (
				A4214BC31CD2228300CE8C35 /* GDSFramework.h in CopyFiles */,
			);
			runOnlyForDeploymentPostprocessing = 0;
		};
/* End PBXCopyFilesBuildPhase section */

/* Begin PBXFileReference section */
		A4214BBF1CD2228300CE8C35 /* libGDSFramework.a */ = {isa = PBXFileReference; explicitFileType = archive.ar; includeInIndex = 0; path = libGDSFramework.a; sourceTree = BUILT_PRODUCTS_DIR; };
		A4214BC21CD2228300CE8C35 /* GDSFramework.h */ = {isa = PBXFileReference; lastKnownFileType = sourcecode.c.h; path = GDSFramework.h; sourceTree = "<group>"; };
		A4214BC41CD2228300CE8C35 /* GDSFramework.m */ = {isa = PBXFileReference; lastKnownFileType = sourcecode.c.objc; path = GDSFramework.m; sourceTree = "<group>"; };
/* End PBXFileReference section */

/* Begin PBXFrameworksBuildPhase section */
		A4214BBC1CD2228300CE8C35 /* Frameworks */ = {
			isa = PBXFrameworksBuildPhase;
			buildActionMask = 2147483647;
			files = (
			);
			runOnlyForDeploymentPostprocessing = 0;
		};
/* End PBXFrameworksBuildPhase section */

/* Begin PBXGroup section */
		A4214BB61CD2228300CE8C35 = {
			isa = PBXGroup;
			children = (
				A4214BC11CD2228300CE8C35 /* GDSFramework */,
				A4214BC01CD2228300CE8C35 /* Products */,
			);
			sourceTree = "<group>";
		};
		A4214BC01CD2228300CE8C35 /* Products */ = {
			isa = PBXGroup;
			children = (
				A4214BBF1CD2228300CE8C35 /* libGDSFramework.a */,
			);
			name = Products;
			sourceTree = "<group>";
		};
		A4214BC11CD2228300CE8C35 /* GDSFramework */ = {
			isa = PBXGroup;
			children = (
				A4214BC21CD2228300CE8C35 /* GDSFramework.h */,
				A4214BC41CD2228300CE8C35 /* GDSFramework.m */,
			);
			path = GDSFramework;
			sourceTree = "<group>";
		};
/* End PBXGroup section */

/* Begin PBXNativeTarget section */
		A4214BBE1CD2228300CE8C35 /* GDSFramework */ = {
			isa = PBXNativeTarget;
			buildConfigurationList = A4214BC81CD2228300CE8C35 /* Build configuration list for PBXNativeTarget "GDSFramework" */;
			buildPhases = (
				A4214BBB1CD2228300CE8C35 /* Sources */,
				A4214BBC1CD2228300CE8C35 /* Frameworks */,
				A4214BBD1CD2228300CE8C35 /* CopyFiles */,
			);
			buildRules = (
			);
			dependencies = (
			);
			name = GDSFramework;
			productName = GDSFramework;
			productReference = A4214BBF1CD2228300CE8C35 /* libGDSFramework.a */;
			productType = "com.apple.product-type.library.static";
		};
/* End PBXNativeTarget section */

/* Begin PBXProject section */
		A4214BB71CD2228300CE8C35 /* Project object */ = {
			isa = PBXProject;
			attributes = {
				LastUpgradeCheck = 0730;
				ORGANIZATIONNAME = Punchh;
				TargetAttributes = {
					A4214BBE1CD2228300CE8C35 = {
						CreatedOnToolsVersion = 7.3;
					};
				};
			};
			buildConfigurationList = A4214BBA1CD2228300CE8C35 /* Build configuration list for PBXProject "GDSFramework" */;
			compatibilityVersion = "Xcode 3.2";
			developmentRegion = English;
			hasScannedForEncodings = 0;
			knownRegions = (
				en,
			);
			mainGroup = A4214BB61CD2228300CE8C35;
			productRefGroup = A4214BC01CD2228300CE8C35 /* Products */;
			projectDirPath = "";
			projectRoot = "";
			targets = (
				A4214BBE1CD2228300CE8C35 /* GDSFramework */,
			);
		};
/* End PBXProject section */

/* Begin PBXSourcesBuildPhase section */
		A4214BBB1CD2228300CE8C35 /* Sources */ = {
			isa = PBXSourcesBuildPhase;
			buildActionMask = 2147483647;
			files = (
				A4214BC51CD2228300CE8C35 /* GDSFramework.m in Sources */,
			);
			runOnlyForDeploymentPostprocessing = 0;
		};
/* End PBXSourcesBuildPhase section */

/* Begin XCBuildConfiguration section */
		A4214BC61CD2228300CE8C35 /* Debug */ = {
			isa = XCBuildConfiguration;
			buildSettings = {
				ALWAYS_SEARCH_USER_PATHS = NO;
				CLANG_ANALYZER_NONNULL = YES;
				CLANG_CXX_LANGUAGE_STANDARD = "gnu++0x";
				CLANG_CXX_LIBRARY = "libc++";
				CLANG_ENABLE_MODULES = YES;
				CLANG_ENABLE_OBJC_ARC = YES;
				CLANG_WARN_BOOL_CONVERSION = YES;
				CLANG_WARN_CONSTANT_CONVERSION = YES;
				CLANG_WARN_DIRECT_OBJC_ISA_USAGE = YES_ERROR;
				CLANG_WARN_EMPTY_BODY = YES;
				CLANG_WARN_ENUM_CONVERSION = YES;
				CLANG_WARN_INT_CONVERSION = YES;
				CLANG_WARN_OBJC_ROOT_CLASS = YES_ERROR;
				CLANG_WARN_UNREACHABLE_CODE = YES;
				CLANG_WARN__DUPLICATE_METHOD_MATCH = YES;
				"CODE_SIGN_IDENTITY[sdk=iphoneos*]" = "iPhone Developer";
				COPY_PHASE_STRIP = NO;
				DEBUG_INFORMATION_FORMAT = dwarf;
				ENABLE_STRICT_OBJC_MSGSEND = YES;
				ENABLE_TESTABILITY = YES;
				GCC_C_LANGUAGE_STANDARD = gnu99;
				GCC_DYNAMIC_NO_PIC = NO;
				GCC_NO_COMMON_BLOCKS = YES;
				GCC_OPTIMIZATION_LEVEL = 0;
				GCC_PREPROCESSOR_DEFINITIONS = (
					"DEBUG=1",
					"$(inherited)",
				);
				GCC_WARN_64_TO_32_BIT_CONVERSION = YES;
				GCC_WARN_ABOUT_RETURN_TYPE = YES_ERROR;
				GCC_WARN_UNDECLARED_SELECTOR = YES;
				GCC_WARN_UNINITIALIZED_AUTOS = YES_AGGRESSIVE;
				GCC_WARN_UNUSED_FUNCTION = YES;
				GCC_WARN_UNUSED_VARIABLE = YES;
				IPHONEOS_DEPLOYMENT_TARGET = 9.3;
				MTL_ENABLE_DEBUG_INFO = YES;
				ONLY_ACTIVE_ARCH = YES;
				SDKROOT = iphoneos;
			};
			name = Debug;
		};
		A4214BC71CD2228300CE8C35 /* Release */ = {
			isa = XCBuildConfiguration;
			buildSettings = {
				ALWAYS_SEARCH_USER_PATHS = NO;
				CLANG_ANALYZER_NONNULL = YES;
				CLANG_CXX_LANGUAGE_STANDARD = "gnu++0x";
				CLANG_CXX_LIBRARY = "libc++";
				CLANG_ENABLE_MODULES = YES;
				CLANG_ENABLE_OBJC_ARC = YES;
				CLANG_WARN_BOOL_CONVERSION = YES;
				CLANG_WARN_CONSTANT_CONVERSION = YES;
				CLANG_WARN_DIRECT_OBJC_ISA_USAGE = YES_ERROR;
				CLANG_WARN_EMPTY_BODY = YES;
				CLANG_WARN_ENUM_CONVERSION = YES;
				CLANG_WARN_INT_CONVERSION = YES;
				CLANG_WARN_OBJC_ROOT_CLASS = YES_ERROR;
				CLANG_WARN_UNREACHABLE_CODE = YES;
				CLANG_WARN__DUPLICATE_METHOD_MATCH = YES;
				"CODE_SIGN_IDENTITY[sdk=iphoneos*]" = "iPhone Developer";
				COPY_PHASE_STRIP = NO;
				DEBUG_INFORMATION_FORMAT = "dwarf-with-dsym";
				ENABLE_NS_ASSERTIONS = NO;
				ENABLE_STRICT_OBJC_MSGSEND = YES;
				GCC_C_LANGUAGE_STANDARD = gnu99;
				GCC_NO_COMMON_BLOCKS = YES;
				GCC_WARN_64_TO_32_BIT_CONVERSION = YES;
				GCC_WARN_ABOUT_RETURN_TYPE = YES_ERROR;
				GCC_WARN_UNDECLARED_SELECTOR = YES;
				GCC_WARN_UNINITIALIZED_AUTOS = YES_AGGRESSIVE;
				GCC_WARN_UNUSED_FUNCTION = YES;
				GCC_WARN_UNUSED_VARIABLE = YES;
				IPHONEOS_DEPLOYMENT_TARGET = 9.3;
				MTL_ENABLE_DEBUG_INFO = NO;
				SDKROOT = iphoneos;
				VALIDATE_PRODUCT = YES;
			};
			name = Release;
		};
		A4214BC91CD2228300CE8C35 /* Debug */ = {
			isa = XCBuildConfiguration;
			buildSettings = {
				OTHER_LDFLAGS = "-ObjC";
				PRODUCT_NAME = "$(TARGET_NAME)";
				SKIP_INSTALL = YES;
			};
			name = Debug;
		};
		A4214BCA1CD2228300CE8C35 /* Release */ = {
			isa = XCBuildConfiguration;
			buildSettings = {
				OTHER_LDFLAGS = "-ObjC";
				PRODUCT_NAME = "$(TARGET_NAME)";
				SKIP_INSTALL = YES;
			};
			name = Release;
		};
/* End XCBuildConfiguration section */

/* Begin XCConfigurationList section */
		A4214BBA1CD2228300CE8C35 /* Build configuration list for PBXProject "GDSFramework" */ = {
			isa = XCConfigurationList;
			buildConfigurations = (
				A4214BC61CD2228300CE8C35 /* Debug */,
				A4214BC71CD2228300CE8C35 /* Release */,
			);
			defaultConfigurationIsVisible = 0;
			defaultConfigurationName = Release;
		};
		A4214BC81CD2228300CE8C35 /* Build configuration list for PBXNativeTarget "GDSFramework" */ = {
			isa = XCConfigurationList;
			buildConfigurations = (
				A4214BC91CD2228300CE8C35 /* Debug */,
				A4214BCA1CD2228300CE8C35 /* Release */,
			);
			defaultConfigurationIsVisible = 0;
		};
/* End XCConfigurationList section */
	};
	rootObject = A4214BB71CD2228300CE8C35 /* Project object */;
}
